
Microsoft Visual Studio Solution File, Format Version 12.00
# Visual Studio Version 16
VisualStudioVersion = 16.0.31515.178
MinimumVisualStudioVersion = 10.0.40219.1
Project("{FAE04EC0-301F-11D3-BF4B-00C04F79EFBC}") = "Burger Project", "Burger Project\Burger Project.csproj", "{F5BBCD15-EA67-44AD-8B69-A25B4CCBFC41}"
EndProject
Global
	GlobalSection(SolutionConfigurationPlatforms) = preSolution
		Debug|Any CPU = Debug|Any CPU
		Release|Any CPU = Release|Any CPU
	EndGlobalSection
	GlobalSection(ProjectConfigurationPlatforms) = postSolution
		{F5BBCD15-EA67-44AD-8B69-A25B4CCBFC41}.Debug|Any CPU.ActiveCfg = Debug|Any CPU
		{F5BBCD15-EA67-44AD-8B69-A25B4CCBFC41}.Debug|Any CPU.Build.0 = Debug|Any CPU
		{F5BBCD15-EA67-44AD-8B69-A25B4CCBFC41}.Release|Any CPU.ActiveCfg = Release|Any CPU
		{F5BBCD15-EA67-44AD-8B69-A25B4CCBFC41}.Release|Any CPU.Build.0 = Release|Any CPU
	EndGlobalSection
	GlobalSection(SolutionProperties) = preSolution
		HideSolutionNode = FALSE
	EndGlobalSection
	GlobalSection(ExtensibilityGlobals) = postSolution
		SolutionGuid = {8D79783F-BDD8-40B4-922D-62C7347B329B}
	EndGlobalSection
EndGlobal
